// !$*UTF8*$!
{
	archiveVersion = 1;
	classes = {
	};
	objectVersion = 60;
	objects = {

/* Begin PBXBuildFile section */
		2DC4B440091B273475EA3708 /* RouterUsageWidgetTests.swift in Sources */ = {isa = PBXBuildFile; fileRef = 2D159516C2AAE8505FF250B6 /* RouterUsageWidgetTests.swift */; };
		4EC27C2552021AA539744999 /* RouterUsageWidgetBundle.swift in Sources */ = {isa = PBXBuildFile; fileRef = AE16D64298A8C24205D17F37 /* RouterUsageWidgetBundle.swift */; };
		571849520495155D3CFCCF12 /* RouterWidgetSnapshot.swift in Sources */ = {isa = PBXBuildFile; fileRef = A061208B3EDCA72A7E3F0467 /* RouterWidgetSnapshot.swift */; };
		9570D8A02D513BE5DE2D77EB /* RouterUsageWidget.swift in Sources */ = {isa = PBXBuildFile; fileRef = D78E79087D60B4EFCF9962AC /* RouterUsageWidget.swift */; };
		C304C565C8F5D23A59255FD8 /* RouterWidgetSnapshot.swift in Sources */ = {isa = PBXBuildFile; fileRef = A061208B3EDCA72A7E3F0467 /* RouterWidgetSnapshot.swift */; };
		C4503753924917B313C60C0F /* RouterUsageWidget.swift in Sources */ = {isa = PBXBuildFile; fileRef = D78E79087D60B4EFCF9962AC /* RouterUsageWidget.swift */; };
/* End PBXBuildFile section */

/* Begin PBXFileReference section */
		0CF3D94D3DFCD17A9FADCC99 /* RouterUsageWidget.appex */ = {isa = PBXFileReference; explicitFileType = "wrapper.app-extension"; includeInIndex = 0; path = RouterUsageWidget.appex; sourceTree = BUILT_PRODUCTS_DIR; };
		2D159516C2AAE8505FF250B6 /* RouterUsageWidgetTests.swift */ = {isa = PBXFileReference; lastKnownFileType = sourcecode.swift; path = RouterUsageWidgetTests.swift; sourceTree = "<group>"; };
		3B7A9C255277C9B13D5B2D66 /* RouterUsageWidgetTests.xctest */ = {isa = PBXFileReference; explicitFileType = wrapper.cfbundle; includeInIndex = 0; path = RouterUsageWidgetTests.xctest; sourceTree = BUILT_PRODUCTS_DIR; };
		51F94E830DB20400BCED3A13 /* RouterUsageWidget.entitlements */ = {isa = PBXFileReference; lastKnownFileType = text.plist.entitlements; path = RouterUsageWidget.entitlements; sourceTree = "<group>"; };
		9BA4BFE9410EB4F466D7308D /* RouterUsageWidget.local.entitlements */ = {isa = PBXFileReference; lastKnownFileType = text.plist.entitlements; path = RouterUsageWidget.local.entitlements; sourceTree = "<group>"; };
		A061208B3EDCA72A7E3F0467 /* RouterWidgetSnapshot.swift */ = {isa = PBXFileReference; lastKnownFileType = sourcecode.swift; name = RouterWidgetSnapshot.swift; path = ../ModelRouterTray/Sources/RouterWidgetSnapshot.swift; sourceTree = "<group>"; };
		AE16D64298A8C24205D17F37 /* RouterUsageWidgetBundle.swift */ = {isa = PBXFileReference; lastKnownFileType = sourcecode.swift; path = RouterUsageWidgetBundle.swift; sourceTree = "<group>"; };
		D2096A00DB21B9FC5A7B4888 /* Info.plist */ = {isa = PBXFileReference; lastKnownFileType = text.plist; path = Info.plist; sourceTree = "<group>"; };
		D78E79087D60B4EFCF9962AC /* RouterUsageWidget.swift */ = {isa = PBXFileReference; lastKnownFileType = sourcecode.swift; path = RouterUsageWidget.swift; sourceTree = "<group>"; };
/* End PBXFileReference section */

/* Begin PBXGroup section */
		32933D059A31C7C944785FB2 /* RouterUsageWidget */ = {
			isa = PBXGroup;
			children = (
				D2096A00DB21B9FC5A7B4888 /* Info.plist */,
				51F94E830DB20400BCED3A13 /* RouterUsageWidget.entitlements */,
				9BA4BFE9410EB4F466D7308D /* RouterUsageWidget.local.entitlements */,
				D78E79087D60B4EFCF9962AC /* RouterUsageWidget.swift */,
				AE16D64298A8C24205D17F37 /* RouterUsageWidgetBundle.swift */,
			);
			path = RouterUsageWidget;
			sourceTree = "<group>";
		};
		4925DDBBB12D8A9B6E6B3A68 /* Shared */ = {
			isa = PBXGroup;
			children = (
				A061208B3EDCA72A7E3F0467 /* RouterWidgetSnapshot.swift */,
			);
			name = Shared;
			sourceTree = "<group>";
		};
		869AA91A83DFF6E535FC7FC4 /* RouterUsageWidgetTests */ = {
			isa = PBXGroup;
			children = (
				2D159516C2AAE8505FF250B6 /* RouterUsageWidgetTests.swift */,
			);
			path = RouterUsageWidgetTests;
			sourceTree = "<group>";
		};
		C755F09722063043E67E4E4C = {
			isa = PBXGroup;
			children = (
				32933D059A31C7C944785FB2 /* RouterUsageWidget */,
				869AA91A83DFF6E535FC7FC4 /* RouterUsageWidgetTests */,
				4925DDBBB12D8A9B6E6B3A68 /* Shared */,
				DEDE40EE5503801FA6B622A3 /* Products */,
			);
			sourceTree = "<group>";
		};
		DEDE40EE5503801FA6B622A3 /* Products */ = {
			isa = PBXGroup;
			children = (
				0CF3D94D3DFCD17A9FADCC99 /* RouterUsageWidget.appex */,
				3B7A9C255277C9B13D5B2D66 /* RouterUsageWidgetTests.xctest */,
			);
			name = Products;
			sourceTree = "<group>";
		};
/* End PBXGroup section */

/* Begin PBXNativeTarget section */
		B38C1BCAC672ED3370A1DAED /* RouterUsageWidget */ = {
			isa = PBXNativeTarget;
			buildConfigurationList = 539CC25A292662C99DC9B671 /* Build configuration list for PBXNativeTarget "RouterUsageWidget" */;
			buildPhases = (
				834E620A9FB4135B19E5402A /* Sources */,
			);
			buildRules = (
			);
			dependencies = (
			);
			name = RouterUsageWidget;
			packageProductDependencies = (
			);
			productName = RouterUsageWidget;
			productReference = 0CF3D94D3DFCD17A9FADCC99 /* RouterUsageWidget.appex */;
			productType = "com.apple.product-type.app-extension";
		};
		F7D018F2A970D85FEB1F9483 /* RouterUsageWidgetTests */ = {
			isa = PBXNativeTarget;
			buildConfigurationList = F27DDFEA13F9B5DECBE9CFE6 /* Build configuration list for PBXNativeTarget "RouterUsageWidgetTests" */;
			buildPhases = (
				14D2580CC2976D90C3F09667 /* Sources */,
			);
			buildRules = (
			);
			dependencies = (
			);
			name = RouterUsageWidgetTests;
			packageProductDependencies = (
			);
			productName = RouterUsageWidgetTests;
			productReference = 3B7A9C255277C9B13D5B2D66 /* RouterUsageWidgetTests.xctest */;
			productType = "com.apple.product-type.bundle.unit-test";
		};
/* End PBXNativeTarget section */

/* Begin PBXProject section */
		EFD1D51065275F2F0D1F6945 /* Project object */ = {
			isa = PBXProject;
			attributes = {
				BuildIndependentTargetsInParallel = YES;
				LastUpgradeCheck = 1500;
				TargetAttributes = {
					B38C1BCAC672ED3370A1DAED = {
						ProvisioningStyle = Manual;
					};
				};
			};
			buildConfigurationList = D9AE6D5E6CB5CC4F50F5B070 /* Build configuration list for PBXProject "RouterUsageWidget" */;
			compatibilityVersion = "Xcode 15.0";
			developmentRegion = en;
			hasScannedForEncodings = 0;
			knownRegions = (
				Base,
				en,
			);
			mainGroup = C755F09722063043E67E4E4C;
			minimizedProjectReferenceProxies = 1;
			productRefGroup = DEDE40EE5503801FA6B622A3 /* Products */;
			projectDirPath = "";
			projectRoot = "";
			targets = (
				B38C1BCAC672ED3370A1DAED /* RouterUsageWidget */,
				F7D018F2A970D85FEB1F9483 /* RouterUsageWidgetTests */,
			);
		};
/* End PBXProject section */

/* Begin PBXSourcesBuildPhase section */
		14D2580CC2976D90C3F09667 /* Sources */ = {
			isa = PBXSourcesBuildPhase;
			buildActionMask = 2147483647;
			files = (
				9570D8A02D513BE5DE2D77EB /* RouterUsageWidget.swift in Sources */,
				2DC4B440091B273475EA3708 /* RouterUsageWidgetTests.swift in Sources */,
				C304C565C8F5D23A59255FD8 /* RouterWidgetSnapshot.swift in Sources */,
			);
			runOnlyForDeploymentPostprocessing = 0;
		};
		834E620A9FB4135B19E5402A /* Sources */ = {
			isa = PBXSourcesBuildPhase;
			buildActionMask = 2147483647;
			files = (
				C4503753924917B313C60C0F /* RouterUsageWidget.swift in Sources */,
				4EC27C2552021AA539744999 /* RouterUsageWidgetBundle.swift in Sources */,
				571849520495155D3CFCCF12 /* RouterWidgetSnapshot.swift in Sources */,
			);
			runOnlyForDeploymentPostprocessing = 0;
		};
/* End PBXSourcesBuildPhase section */

/* Begin XCBuildConfiguration section */
		03437A72B7BCE31CB4804414 /* Debug */ = {
			isa = XCBuildConfiguration;
			buildSettings = {
				ALWAYS_SEARCH_USER_PATHS = NO;
				CLANG_ANALYZER_NONNULL = YES;
				CLANG_ANALYZER_NUMBER_OBJECT_CONVERSION = YES_AGGRESSIVE;
				CLANG_CXX_LANGUAGE_STANDARD = "gnu++14";
				CLANG_CXX_LIBRARY = "libc++";
				CLANG_ENABLE_MODULES = YES;
				CLANG_ENABLE_OBJC_ARC = YES;
				CLANG_ENABLE_OBJC_WEAK = YES;
				CLANG_WARN_BLOCK_CAPTURE_AUTORELEASING = YES;
				CLANG_WARN_BOOL_CONVERSION = YES;
				CLANG_WARN_COMMA = YES;
				CLANG_WARN_CONSTANT_CONVERSION = YES;
				CLANG_WARN_DEPRECATED_OBJC_IMPLEMENTATIONS = YES;
				CLANG_WARN_DIRECT_OBJC_ISA_USAGE = YES_ERROR;
				CLANG_WARN_DOCUMENTATION_COMMENTS = YES;
				CLANG_WARN_EMPTY_BODY = YES;
				CLANG_WARN_ENUM_CONVERSION = YES;
				CLANG_WARN_INFINITE_RECURSION = YES;
				CLANG_WARN_INT_CONVERSION = YES;
				CLANG_WARN_NON_LITERAL_NULL_CONVERSION = YES;
				CLANG_WARN_OBJC_IMPLICIT_RETAIN_SELF = YES;
				CLANG_WARN_OBJC_LITERAL_CONVERSION = YES;
				CLANG_WARN_OBJC_ROOT_CLASS = YES_ERROR;
				CLANG_WARN_QUOTED_INCLUDE_IN_FRAMEWORK_HEADER = YES;
				CLANG_WARN_RANGE_LOOP_ANALYSIS = YES;
				CLANG_WARN_STRICT_PROTOTYPES = YES;
				CLANG_WARN_SUSPICIOUS_MOVE = YES;
				CLANG_WARN_UNGUARDED_AVAILABILITY = YES_AGGRESSIVE;
				CLANG_WARN_UNREACHABLE_CODE = YES;
				CLANG_WARN__DUPLICATE_METHOD_MATCH = YES;
				COPY_PHASE_STRIP = NO;
				DEBUG_INFORMATION_FORMAT = dwarf;
				ENABLE_STRICT_OBJC_MSGSEND = YES;
				ENABLE_TESTABILITY = YES;
				GCC_C_LANGUAGE_STANDARD = gnu11;
				GCC_DYNAMIC_NO_PIC = NO;
				GCC_NO_COMMON_BLOCKS = YES;
				GCC_OPTIMIZATION_LEVEL = 0;
				GCC_PREPROCESSOR_DEFINITIONS = (
					"$(inherited)",
					"DEBUG=1",
				);
				GCC_WARN_64_TO_32_BIT_CONVERSION = YES;
				GCC_WARN_ABOUT_RETURN_TYPE = YES_ERROR;
				GCC_WARN_UNDECLARED_SELECTOR = YES;
				GCC_WARN_UNINITIALIZED_AUTOS = YES_AGGRESSIVE;
				GCC_WARN_UNUSED_FUNCTION = YES;
				GCC_WARN_UNUSED_VARIABLE = YES;
				MACOSX_DEPLOYMENT_TARGET = 14.0;
				MTL_ENABLE_DEBUG_INFO = INCLUDE_SOURCE;
				MTL_FAST_MATH = YES;
				ONLY_ACTIVE_ARCH = YES;
				PRODUCT_NAME = "$(TARGET_NAME)";
				SDKROOT = macosx;
				SWIFT_ACTIVE_COMPILATION_CONDITIONS = DEBUG;
				SWIFT_OPTIMIZATION_LEVEL = "-Onone";
				SWIFT_VERSION = 5.0;
			};
			name = Debug;
		};
		322D777FE6D3B27804CA785D /* Release */ = {
			isa = XCBuildConfiguration;
			buildSettings = {
				BUNDLE_LOADER = "$(TEST_HOST)";
				CODE_SIGNING_ALLOWED = NO;
				COMBINE_HIDPI_IMAGES = YES;
				GENERATE_INFOPLIST_FILE = YES;
				LD_RUNPATH_SEARCH_PATHS = (
					"$(inherited)",
					"@executable_path/../Frameworks",
					"@loader_path/../Frameworks",
				);
				PRODUCT_BUNDLE_IDENTIFIER = "io.github.codex-router.tray.widget.tests";
				SDKROOT = macosx;
			};
			name = Release;
		};
		5B90C3D820FF44252804039F /* Debug */ = {
			isa = XCBuildConfiguration;
			buildSettings = {
				APPLICATION_EXTENSION_API_ONLY = YES;
				CODE_SIGN_ENTITLEMENTS = RouterUsageWidget/RouterUsageWidget.entitlements;
				CODE_SIGN_STYLE = Manual;
				COMBINE_HIDPI_IMAGES = YES;
				CURRENT_PROJECT_VERSION = 1;
				GENERATE_INFOPLIST_FILE = NO;
				INFOPLIST_FILE = RouterUsageWidget/Info.plist;
				LD_RUNPATH_SEARCH_PATHS = (
					"$(inherited)",
					"@executable_path/../Frameworks",
					"@executable_path/../../../../Frameworks",
				);
				MARKETING_VERSION = 0.1.0;
				PRODUCT_BUNDLE_IDENTIFIER = "io.github.codex-router.tray.widget";
				PRODUCT_NAME = RouterUsageWidget;
				SDKROOT = macosx;
				SKIP_INSTALL = YES;
			};
			name = Debug;
		};
		746B47492499F06767910E6B /* Release */ = {
			isa = XCBuildConfiguration;
			buildSettings = {
				APPLICATION_EXTENSION_API_ONLY = YES;
				CODE_SIGN_ENTITLEMENTS = RouterUsageWidget/RouterUsageWidget.entitlements;
				CODE_SIGN_STYLE = Manual;
				COMBINE_HIDPI_IMAGES = YES;
				CURRENT_PROJECT_VERSION = 1;
				GENERATE_INFOPLIST_FILE = NO;
				INFOPLIST_FILE = RouterUsageWidget/Info.plist;
				LD_RUNPATH_SEARCH_PATHS = (
					"$(inherited)",
					"@executable_path/../Frameworks",
					"@executable_path/../../../../Frameworks",
				);
				MARKETING_VERSION = 0.1.0;
				PRODUCT_BUNDLE_IDENTIFIER = "io.github.codex-router.tray.widget";
				PRODUCT_NAME = RouterUsageWidget;
				SDKROOT = macosx;
				SKIP_INSTALL = YES;
			};
			name = Release;
		};
		96145B29518E40A590A61B71 /* Debug */ = {
			isa = XCBuildConfiguration;
			buildSettings = {
				BUNDLE_LOADER = "$(TEST_HOST)";
				CODE_SIGNING_ALLOWED = NO;
				COMBINE_HIDPI_IMAGES = YES;
				GENERATE_INFOPLIST_FILE = YES;
				LD_RUNPATH_SEARCH_PATHS = (
					"$(inherited)",
					"@executable_path/../Frameworks",
					"@loader_path/../Frameworks",
				);
				PRODUCT_BUNDLE_IDENTIFIER = "io.github.codex-router.tray.widget.tests";
				SDKROOT = macosx;
			};
			name = Debug;
		};
		C83F1EA3FD1CEBAC2B885A2A /* Release */ = {
			isa = XCBuildConfiguration;
			buildSettings = {
				ALWAYS_SEARCH_USER_PATHS = NO;
				CLANG_ANALYZER_NONNULL = YES;
				CLANG_ANALYZER_NUMBER_OBJECT_CONVERSION = YES_AGGRESSIVE;
				CLANG_CXX_LANGUAGE_STANDARD = "gnu++14";
				CLANG_CXX_LIBRARY = "libc++";
				CLANG_ENABLE_MODULES = YES;
				CLANG_ENABLE_OBJC_ARC = YES;
				CLANG_ENABLE_OBJC_WEAK = YES;
				CLANG_WARN_BLOCK_CAPTURE_AUTORELEASING = YES;
				CLANG_WARN_BOOL_CONVERSION = YES;
				CLANG_WARN_COMMA = YES;
				CLANG_WARN_CONSTANT_CONVERSION = YES;
				CLANG_WARN_DEPRECATED_OBJC_IMPLEMENTATIONS = YES;
				CLANG_WARN_DIRECT_OBJC_ISA_USAGE = YES_ERROR;
				CLANG_WARN_DOCUMENTATION_COMMENTS = YES;
				CLANG_WARN_EMPTY_BODY = YES;
				CLANG_WARN_ENUM_CONVERSION = YES;
				CLANG_WARN_INFINITE_RECURSION = YES;
				CLANG_WARN_INT_CONVERSION = YES;
				CLANG_WARN_NON_LITERAL_NULL_CONVERSION = YES;
				CLANG_WARN_OBJC_IMPLICIT_RETAIN_SELF = YES;
				CLANG_WARN_OBJC_LITERAL_CONVERSION = YES;
				CLANG_WARN_OBJC_ROOT_CLASS = YES_ERROR;
				CLANG_WARN_QUOTED_INCLUDE_IN_FRAMEWORK_HEADER = YES;
				CLANG_WARN_RANGE_LOOP_ANALYSIS = YES;
				CLANG_WARN_STRICT_PROTOTYPES = YES;
				CLANG_WARN_SUSPICIOUS_MOVE = YES;
				CLANG_WARN_UNGUARDED_AVAILABILITY = YES_AGGRESSIVE;
				CLANG_WARN_UNREACHABLE_CODE = YES;
				CLANG_WARN__DUPLICATE_METHOD_MATCH = YES;
				COPY_PHASE_STRIP = NO;
				DEBUG_INFORMATION_FORMAT = "dwarf-with-dsym";
				ENABLE_NS_ASSERTIONS = NO;
				ENABLE_STRICT_OBJC_MSGSEND = YES;
				GCC_C_LANGUAGE_STANDARD = gnu11;
				GCC_NO_COMMON_BLOCKS = YES;
				GCC_WARN_64_TO_32_BIT_CONVERSION = YES;
				GCC_WARN_ABOUT_RETURN_TYPE = YES_ERROR;
				GCC_WARN_UNDECLARED_SELECTOR = YES;
				GCC_WARN_UNINITIALIZED_AUTOS = YES_AGGRESSIVE;
				GCC_WARN_UNUSED_FUNCTION = YES;
				GCC_WARN_UNUSED_VARIABLE = YES;
				MACOSX_DEPLOYMENT_TARGET = 14.0;
				MTL_ENABLE_DEBUG_INFO = NO;
				MTL_FAST_MATH = YES;
				PRODUCT_NAME = "$(TARGET_NAME)";
				SDKROOT = macosx;
				SWIFT_COMPILATION_MODE = wholemodule;
				SWIFT_OPTIMIZATION_LEVEL = "-O";
				SWIFT_VERSION = 5.0;
			};
			name = Release;
		};
/* End XCBuildConfiguration section */

/* Begin XCConfigurationList section */
		539CC25A292662C99DC9B671 /* Build configuration list for PBXNativeTarget "RouterUsageWidget" */ = {
			isa = XCConfigurationList;
			buildConfigurations = (
				5B90C3D820FF44252804039F /* Debug */,
				746B47492499F06767910E6B /* Release */,
			);
			defaultConfigurationIsVisible = 0;
			defaultConfigurationName = Debug;
		};
		D9AE6D5E6CB5CC4F50F5B070 /* Build configuration list for PBXProject "RouterUsageWidget" */ = {
			isa = XCConfigurationList;
			buildConfigurations = (
				03437A72B7BCE31CB4804414 /* Debug */,
				C83F1EA3FD1CEBAC2B885A2A /* Release */,
			);
			defaultConfigurationIsVisible = 0;
			defaultConfigurationName = Debug;
		};
		F27DDFEA13F9B5DECBE9CFE6 /* Build configuration list for PBXNativeTarget "RouterUsageWidgetTests" */ = {
			isa = XCConfigurationList;
			buildConfigurations = (
				96145B29518E40A590A61B71 /* Debug */,
				322D777FE6D3B27804CA785D /* Release */,
			);
			defaultConfigurationIsVisible = 0;
			defaultConfigurationName = Debug;
		};
/* End XCConfigurationList section */
	};
	rootObject = EFD1D51065275F2F0D1F6945 /* Project object */;
}
